
Microsoft Visual Studio Solution File, Format Version 12.00
# Visual Studio Version 16
VisualStudioVersion = 16.0.32126.315
MinimumVisualStudioVersion = 10.0.40219.1
Project("{FAE04EC0-301F-11D3-BF4B-00C04F79EFBC}") = "WebApplication1", "WebApplication1\WebApplication1.csproj", "{E863B51A-DE59-47CE-9B44-CEA02A21A7E4}"
EndProject
Global
	GlobalSection(SolutionConfigurationPlatforms) = preSolution
		Debug|Any CPU = Debug|Any CPU
		Release|Any CPU = Release|Any CPU
	EndGlobalSection
	GlobalSection(ProjectConfigurationPlatforms) = postSolution
		{E863B51A-DE59-47CE-9B44-CEA02A21A7E4}.Debug|Any CPU.ActiveCfg = Debug|Any CPU
		{E863B51A-DE59-47CE-9B44-CEA02A21A7E4}.Debug|Any CPU.Build.0 = Debug|Any CPU
		{E863B51A-DE59-47CE-9B44-CEA02A21A7E4}.Release|Any CPU.ActiveCfg = Release|Any CPU
		{E863B51A-DE59-47CE-9B44-CEA02A21A7E4}.Release|Any CPU.Build.0 = Release|Any CPU
	EndGlobalSection
	GlobalSection(SolutionProperties) = preSolution
		HideSolutionNode = FALSE
	EndGlobalSection
	GlobalSection(ExtensibilityGlobals) = postSolution
		SolutionGuid = {64A59605-8581-417F-A107-6386BDB1AD08}
	EndGlobalSection
EndGlobal
